
Microsoft Visual Studio Solution File, Format Version 12.00
# Visual Studio Version 16
VisualStudioVersion = 16.0.34301.259
MinimumVisualStudioVersion = 10.0.40219.1
Project("{FAE04EC0-301F-11D3-BF4B-00C04F79EFBC}") = "SAPPE_App", "SAPPE_App\SAPPE_App.csproj", "{7C55A1F4-8653-46F9-B971-6516EB0FEBF8}"
EndProject
Project("{FAE04EC0-301F-11D3-BF4B-00C04F79EFBC}") = "BIBLIOTECA_SAPPE", "BIBLIOTECA_SAPPE\BIBLIOTECA_SAPPE.csproj", "{719CF82D-618D-4997-BED7-504987EAF6C6}"
EndProject
Global
	GlobalSection(SolutionConfigurationPlatforms) = preSolution
		Debug|Any CPU = Debug|Any CPU
		Release|Any CPU = Release|Any CPU
	EndGlobalSection
	GlobalSection(ProjectConfigurationPlatforms) = postSolution
		{7C55A1F4-8653-46F9-B971-6516EB0FEBF8}.Debug|Any CPU.ActiveCfg = Debug|Any CPU
		{7C55A1F4-8653-46F9-B971-6516EB0FEBF8}.Debug|Any CPU.Build.0 = Debug|Any CPU
		{7C55A1F4-8653-46F9-B971-6516EB0FEBF8}.Release|Any CPU.ActiveCfg = Release|Any CPU
		{7C55A1F4-8653-46F9-B971-6516EB0FEBF8}.Release|Any CPU.Build.0 = Release|Any CPU
		{719CF82D-618D-4997-BED7-504987EAF6C6}.Debug|Any CPU.ActiveCfg = Debug|Any CPU
		{719CF82D-618D-4997-BED7-504987EAF6C6}.Debug|Any CPU.Build.0 = Debug|Any CPU
		{719CF82D-618D-4997-BED7-504987EAF6C6}.Release|Any CPU.ActiveCfg = Release|Any CPU
		{719CF82D-618D-4997-BED7-504987EAF6C6}.Release|Any CPU.Build.0 = Release|Any CPU
	EndGlobalSection
	GlobalSection(SolutionProperties) = preSolution
		HideSolutionNode = FALSE
	EndGlobalSection
	GlobalSection(ExtensibilityGlobals) = postSolution
		SolutionGuid = {41362EB7-AC51-423C-B91B-3928AF64A288}
	EndGlobalSection
EndGlobal
